<Solution>

  <Project Path="../../GitCode/agent-framework/dotnet/src/Microsoft.Agents.AI.Abstractions/Microsoft.Agents.AI.Abstractions.csproj" />
  <Project Path="../../GitCode/agent-framework/dotnet/src/Microsoft.Agents.AI.Workflows.Generators/Microsoft.Agents.AI.Workflows.Generators.csproj" />
  <Project Path="../../GitCode/agent-framework/dotnet/src/Microsoft.Agents.AI.Workflows/Microsoft.Agents.AI.Workflows.csproj" />
  <Project Path="../../GitCode/agent-framework/dotnet/src/Microsoft.Agents.AI/Microsoft.Agents.AI.csproj" />
</Solution>
